
Microsoft Visual Studio Solution File, Format Version 10.00
# Visual Studio 2008
Project("{FAE04EC0-301F-11D3-BF4B-00C04F79EFBC}") = "StreamedMPConfig", "StreamedMPConfig\StreamedMPConfig.csproj", "{CE98A456-9FAF-4707-9872-7FEEA8BE5FB6}"
EndProject
Global
	GlobalSection(SolutionConfigurationPlatforms) = preSolution
		Debug|Any CPU = Debug|Any CPU
		Release|Any CPU = Release|Any CPU
	EndGlobalSection
	GlobalSection(ProjectConfigurationPlatforms) = postSolution
		{CE98A456-9FAF-4707-9872-7FEEA8BE5FB6}.Debug|Any CPU.ActiveCfg = Debug|Any CPU
		{CE98A456-9FAF-4707-9872-7FEEA8BE5FB6}.Debug|Any CPU.Build.0 = Debug|Any CPU
		{CE98A456-9FAF-4707-9872-7FEEA8BE5FB6}.Release|Any CPU.ActiveCfg = Release|Any CPU
		{CE98A456-9FAF-4707-9872-7FEEA8BE5FB6}.Release|Any CPU.Build.0 = Release|Any CPU
	EndGlobalSection
	GlobalSection(SolutionProperties) = preSolution
		HideSolutionNode = FALSE
	EndGlobalSection
EndGlobal
