
Microsoft Visual Studio Solution File, Format Version 11.00
# Visual Studio 2010
Project("{FAE04EC0-301F-11D3-BF4B-00C04F79EFBC}") = "SMPEditor", "SMPEditor\SMPEditor.csproj", "{B2ECBD02-DD25-48C0-AEE8-792F1F071B3C}"
	ProjectSection(ProjectDependencies) = postProject
		{96319632-3BE1-4D71-A494-7186A947DFD0} = {96319632-3BE1-4D71-A494-7186A947DFD0}
		{CE98A456-9FAF-4707-9872-7FEEA8BE5FB6} = {CE98A456-9FAF-4707-9872-7FEEA8BE5FB6}
		{BB503792-BF10-4A59-AEF8-F753CC4F44E4} = {BB503792-BF10-4A59-AEF8-F753CC4F44E4}
	EndProjectSection
EndProject
Project("{FAE04EC0-301F-11D3-BF4B-00C04F79EFBC}") = "StreamedMPEditor", "StreamedMPEditor\StreamedMPEditor.csproj", "{BB503792-BF10-4A59-AEF8-F753CC4F44E4}"
	ProjectSection(ProjectDependencies) = postProject
		{96319632-3BE1-4D71-A494-7186A947DFD0} = {96319632-3BE1-4D71-A494-7186A947DFD0}
	EndProjectSection
EndProject
Project("{FAE04EC0-301F-11D3-BF4B-00C04F79EFBC}") = "StreamedMPConfig", "StreamedMPConfig\StreamedMPConfig.csproj", "{CE98A456-9FAF-4707-9872-7FEEA8BE5FB6}"
	ProjectSection(ProjectDependencies) = postProject
		{96319632-3BE1-4D71-A494-7186A947DFD0} = {96319632-3BE1-4D71-A494-7186A947DFD0}
	EndProjectSection
EndProject
Project("{FAE04EC0-301F-11D3-BF4B-00C04F79EFBC}") = "SMPpatch", "SMPpatch\SMPpatch.csproj", "{1D38397B-AECC-4DBF-AA34-CEEA315AC2E6}"
	ProjectSection(ProjectDependencies) = postProject
		{B2ECBD02-DD25-48C0-AEE8-792F1F071B3C} = {B2ECBD02-DD25-48C0-AEE8-792F1F071B3C}
		{96319632-3BE1-4D71-A494-7186A947DFD0} = {96319632-3BE1-4D71-A494-7186A947DFD0}
		{CE98A456-9FAF-4707-9872-7FEEA8BE5FB6} = {CE98A456-9FAF-4707-9872-7FEEA8BE5FB6}
		{BB503792-BF10-4A59-AEF8-F753CC4F44E4} = {BB503792-BF10-4A59-AEF8-F753CC4F44E4}
		{2938A4D1-686B-4618-9984-B0004CDD1C64} = {2938A4D1-686B-4618-9984-B0004CDD1C64}
	EndProjectSection
EndProject
Project("{FAE04EC0-301F-11D3-BF4B-00C04F79EFBC}") = "BuildAll", "BuildAll\BuildAll.csproj", "{BC6C46EF-56D4-499D-AED9-B5149E9B72A5}"
	ProjectSection(ProjectDependencies) = postProject
		{B2ECBD02-DD25-48C0-AEE8-792F1F071B3C} = {B2ECBD02-DD25-48C0-AEE8-792F1F071B3C}
		{96319632-3BE1-4D71-A494-7186A947DFD0} = {96319632-3BE1-4D71-A494-7186A947DFD0}
		{CE98A456-9FAF-4707-9872-7FEEA8BE5FB6} = {CE98A456-9FAF-4707-9872-7FEEA8BE5FB6}
		{1D38397B-AECC-4DBF-AA34-CEEA315AC2E6} = {1D38397B-AECC-4DBF-AA34-CEEA315AC2E6}
		{BB503792-BF10-4A59-AEF8-F753CC4F44E4} = {BB503792-BF10-4A59-AEF8-F753CC4F44E4}
		{2938A4D1-686B-4618-9984-B0004CDD1C64} = {2938A4D1-686B-4618-9984-B0004CDD1C64}
	EndProjectSection
EndProject
Project("{FAE04EC0-301F-11D3-BF4B-00C04F79EFBC}") = "SMPMediaPortalRestart", "SMPMediaPortalRestart\SMPMediaPortalRestart.csproj", "{2938A4D1-686B-4618-9984-B0004CDD1C64}"
EndProject
Project("{FAE04EC0-301F-11D3-BF4B-00C04F79EFBC}") = "SMPCheckSum", "SMPCheckSum\SMPCheckSum.csproj", "{96319632-3BE1-4D71-A494-7186A947DFD0}"
EndProject
Project("{FAE04EC0-301F-11D3-BF4B-00C04F79EFBC}") = "SMPMenuGen", "SMPMenuGen\SMPMenuGen.csproj", "{06A67024-EBD0-425D-9718-768FC9AF378A}"
EndProject
Project("{FAE04EC0-301F-11D3-BF4B-00C04F79EFBC}") = "Test_SMPMenuGen", "Test_SMPMenuGen\Test_SMPMenuGen.csproj", "{2DDE3319-9984-44DC-AB3A-A3285B9D0704}"
EndProject
Global
	GlobalSection(SolutionConfigurationPlatforms) = preSolution
		Debug|Any CPU = Debug|Any CPU
		Debug|Mixed Platforms = Debug|Mixed Platforms
		Debug|x86 = Debug|x86
		Release|Any CPU = Release|Any CPU
		Release|Mixed Platforms = Release|Mixed Platforms
		Release|x86 = Release|x86
	EndGlobalSection
	GlobalSection(ProjectConfigurationPlatforms) = postSolution
		{B2ECBD02-DD25-48C0-AEE8-792F1F071B3C}.Debug|Any CPU.ActiveCfg = Debug|x86
		{B2ECBD02-DD25-48C0-AEE8-792F1F071B3C}.Debug|Any CPU.Build.0 = Debug|x86
		{B2ECBD02-DD25-48C0-AEE8-792F1F071B3C}.Debug|Mixed Platforms.ActiveCfg = Debug|x86
		{B2ECBD02-DD25-48C0-AEE8-792F1F071B3C}.Debug|Mixed Platforms.Build.0 = Debug|x86
		{B2ECBD02-DD25-48C0-AEE8-792F1F071B3C}.Debug|x86.ActiveCfg = Debug|x86
		{B2ECBD02-DD25-48C0-AEE8-792F1F071B3C}.Debug|x86.Build.0 = Debug|x86
		{B2ECBD02-DD25-48C0-AEE8-792F1F071B3C}.Release|Any CPU.ActiveCfg = Release|x86
		{B2ECBD02-DD25-48C0-AEE8-792F1F071B3C}.Release|Any CPU.Build.0 = Release|x86
		{B2ECBD02-DD25-48C0-AEE8-792F1F071B3C}.Release|Mixed Platforms.ActiveCfg = Release|x86
		{B2ECBD02-DD25-48C0-AEE8-792F1F071B3C}.Release|Mixed Platforms.Build.0 = Release|x86
		{B2ECBD02-DD25-48C0-AEE8-792F1F071B3C}.Release|x86.ActiveCfg = Release|x86
		{B2ECBD02-DD25-48C0-AEE8-792F1F071B3C}.Release|x86.Build.0 = Release|x86
		{BB503792-BF10-4A59-AEF8-F753CC4F44E4}.Debug|Any CPU.ActiveCfg = Debug|x86
		{BB503792-BF10-4A59-AEF8-F753CC4F44E4}.Debug|Any CPU.Build.0 = Debug|x86
		{BB503792-BF10-4A59-AEF8-F753CC4F44E4}.Debug|Mixed Platforms.ActiveCfg = Debug|x86
		{BB503792-BF10-4A59-AEF8-F753CC4F44E4}.Debug|Mixed Platforms.Build.0 = Debug|x86
		{BB503792-BF10-4A59-AEF8-F753CC4F44E4}.Debug|x86.ActiveCfg = Debug|x86
		{BB503792-BF10-4A59-AEF8-F753CC4F44E4}.Debug|x86.Build.0 = Debug|x86
		{BB503792-BF10-4A59-AEF8-F753CC4F44E4}.Release|Any CPU.ActiveCfg = Release|x86
		{BB503792-BF10-4A59-AEF8-F753CC4F44E4}.Release|Any CPU.Build.0 = Release|x86
		{BB503792-BF10-4A59-AEF8-F753CC4F44E4}.Release|Mixed Platforms.ActiveCfg = Release|x86
		{BB503792-BF10-4A59-AEF8-F753CC4F44E4}.Release|Mixed Platforms.Build.0 = Release|x86
		{BB503792-BF10-4A59-AEF8-F753CC4F44E4}.Release|x86.ActiveCfg = Release|x86
		{BB503792-BF10-4A59-AEF8-F753CC4F44E4}.Release|x86.Build.0 = Release|x86
		{CE98A456-9FAF-4707-9872-7FEEA8BE5FB6}.Debug|Any CPU.ActiveCfg = Debug|Any CPU
		{CE98A456-9FAF-4707-9872-7FEEA8BE5FB6}.Debug|Any CPU.Build.0 = Debug|Any CPU
		{CE98A456-9FAF-4707-9872-7FEEA8BE5FB6}.Debug|Mixed Platforms.ActiveCfg = Debug|Any CPU
		{CE98A456-9FAF-4707-9872-7FEEA8BE5FB6}.Debug|Mixed Platforms.Build.0 = Debug|Any CPU
		{CE98A456-9FAF-4707-9872-7FEEA8BE5FB6}.Debug|x86.ActiveCfg = Debug|Any CPU
		{CE98A456-9FAF-4707-9872-7FEEA8BE5FB6}.Release|Any CPU.ActiveCfg = Release|Any CPU
		{CE98A456-9FAF-4707-9872-7FEEA8BE5FB6}.Release|Any CPU.Build.0 = Release|Any CPU
		{CE98A456-9FAF-4707-9872-7FEEA8BE5FB6}.Release|Mixed Platforms.ActiveCfg = Release|Any CPU
		{CE98A456-9FAF-4707-9872-7FEEA8BE5FB6}.Release|Mixed Platforms.Build.0 = Release|Any CPU
		{CE98A456-9FAF-4707-9872-7FEEA8BE5FB6}.Release|x86.ActiveCfg = Release|Any CPU
		{CE98A456-9FAF-4707-9872-7FEEA8BE5FB6}.Release|x86.Build.0 = Release|Any CPU
		{1D38397B-AECC-4DBF-AA34-CEEA315AC2E6}.Debug|Any CPU.ActiveCfg = Debug|Any CPU
		{1D38397B-AECC-4DBF-AA34-CEEA315AC2E6}.Debug|Any CPU.Build.0 = Debug|Any CPU
		{1D38397B-AECC-4DBF-AA34-CEEA315AC2E6}.Debug|Mixed Platforms.ActiveCfg = Debug|x86
		{1D38397B-AECC-4DBF-AA34-CEEA315AC2E6}.Debug|Mixed Platforms.Build.0 = Debug|x86
		{1D38397B-AECC-4DBF-AA34-CEEA315AC2E6}.Debug|x86.ActiveCfg = Debug|Any CPU
		{1D38397B-AECC-4DBF-AA34-CEEA315AC2E6}.Release|Any CPU.ActiveCfg = Release|Any CPU
		{1D38397B-AECC-4DBF-AA34-CEEA315AC2E6}.Release|Any CPU.Build.0 = Release|Any CPU
		{1D38397B-AECC-4DBF-AA34-CEEA315AC2E6}.Release|Mixed Platforms.ActiveCfg = Release|x86
		{1D38397B-AECC-4DBF-AA34-CEEA315AC2E6}.Release|Mixed Platforms.Build.0 = Release|x86
		{1D38397B-AECC-4DBF-AA34-CEEA315AC2E6}.Release|x86.ActiveCfg = Release|x86
		{1D38397B-AECC-4DBF-AA34-CEEA315AC2E6}.Release|x86.Build.0 = Release|x86
		{BC6C46EF-56D4-499D-AED9-B5149E9B72A5}.Debug|Any CPU.ActiveCfg = Debug|Any CPU
		{BC6C46EF-56D4-499D-AED9-B5149E9B72A5}.Debug|Any CPU.Build.0 = Debug|Any CPU
		{BC6C46EF-56D4-499D-AED9-B5149E9B72A5}.Debug|Mixed Platforms.ActiveCfg = Debug|Any CPU
		{BC6C46EF-56D4-499D-AED9-B5149E9B72A5}.Debug|Mixed Platforms.Build.0 = Debug|Any CPU
		{BC6C46EF-56D4-499D-AED9-B5149E9B72A5}.Debug|x86.ActiveCfg = Debug|Any CPU
		{BC6C46EF-56D4-499D-AED9-B5149E9B72A5}.Release|Any CPU.ActiveCfg = Release|Any CPU
		{BC6C46EF-56D4-499D-AED9-B5149E9B72A5}.Release|Any CPU.Build.0 = Release|Any CPU
		{BC6C46EF-56D4-499D-AED9-B5149E9B72A5}.Release|Mixed Platforms.ActiveCfg = Release|Any CPU
		{BC6C46EF-56D4-499D-AED9-B5149E9B72A5}.Release|Mixed Platforms.Build.0 = Release|Any CPU
		{BC6C46EF-56D4-499D-AED9-B5149E9B72A5}.Release|x86.ActiveCfg = Release|Any CPU
		{2938A4D1-686B-4618-9984-B0004CDD1C64}.Debug|Any CPU.ActiveCfg = Debug|Any CPU
		{2938A4D1-686B-4618-9984-B0004CDD1C64}.Debug|Any CPU.Build.0 = Debug|Any CPU
		{2938A4D1-686B-4618-9984-B0004CDD1C64}.Debug|Mixed Platforms.ActiveCfg = Debug|Any CPU
		{2938A4D1-686B-4618-9984-B0004CDD1C64}.Debug|Mixed Platforms.Build.0 = Debug|Any CPU
		{2938A4D1-686B-4618-9984-B0004CDD1C64}.Debug|x86.ActiveCfg = Debug|Any CPU
		{2938A4D1-686B-4618-9984-B0004CDD1C64}.Release|Any CPU.ActiveCfg = Release|Any CPU
		{2938A4D1-686B-4618-9984-B0004CDD1C64}.Release|Any CPU.Build.0 = Release|Any CPU
		{2938A4D1-686B-4618-9984-B0004CDD1C64}.Release|Mixed Platforms.ActiveCfg = Release|Any CPU
		{2938A4D1-686B-4618-9984-B0004CDD1C64}.Release|Mixed Platforms.Build.0 = Release|Any CPU
		{2938A4D1-686B-4618-9984-B0004CDD1C64}.Release|x86.ActiveCfg = Release|Any CPU
		{2938A4D1-686B-4618-9984-B0004CDD1C64}.Release|x86.Build.0 = Release|Any CPU
		{96319632-3BE1-4D71-A494-7186A947DFD0}.Debug|Any CPU.ActiveCfg = Debug|Any CPU
		{96319632-3BE1-4D71-A494-7186A947DFD0}.Debug|Any CPU.Build.0 = Debug|Any CPU
		{96319632-3BE1-4D71-A494-7186A947DFD0}.Debug|Mixed Platforms.ActiveCfg = Debug|Any CPU
		{96319632-3BE1-4D71-A494-7186A947DFD0}.Debug|Mixed Platforms.Build.0 = Debug|Any CPU
		{96319632-3BE1-4D71-A494-7186A947DFD0}.Debug|x86.ActiveCfg = Debug|Any CPU
		{96319632-3BE1-4D71-A494-7186A947DFD0}.Release|Any CPU.ActiveCfg = Release|Any CPU
		{96319632-3BE1-4D71-A494-7186A947DFD0}.Release|Any CPU.Build.0 = Release|Any CPU
		{96319632-3BE1-4D71-A494-7186A947DFD0}.Release|Mixed Platforms.ActiveCfg = Release|Any CPU
		{96319632-3BE1-4D71-A494-7186A947DFD0}.Release|Mixed Platforms.Build.0 = Release|Any CPU
		{96319632-3BE1-4D71-A494-7186A947DFD0}.Release|x86.ActiveCfg = Release|Any CPU
		{96319632-3BE1-4D71-A494-7186A947DFD0}.Release|x86.Build.0 = Release|Any CPU
		{06A67024-EBD0-425D-9718-768FC9AF378A}.Debug|Any CPU.ActiveCfg = Debug|Any CPU
		{06A67024-EBD0-425D-9718-768FC9AF378A}.Debug|Mixed Platforms.ActiveCfg = Debug|Any CPU
		{06A67024-EBD0-425D-9718-768FC9AF378A}.Debug|Mixed Platforms.Build.0 = Debug|Any CPU
		{06A67024-EBD0-425D-9718-768FC9AF378A}.Debug|x86.ActiveCfg = Debug|Any CPU
		{06A67024-EBD0-425D-9718-768FC9AF378A}.Release|Any CPU.ActiveCfg = Release|Any CPU
		{06A67024-EBD0-425D-9718-768FC9AF378A}.Release|Mixed Platforms.ActiveCfg = Release|Any CPU
		{06A67024-EBD0-425D-9718-768FC9AF378A}.Release|Mixed Platforms.Build.0 = Release|Any CPU
		{06A67024-EBD0-425D-9718-768FC9AF378A}.Release|x86.ActiveCfg = Release|Any CPU
		{2DDE3319-9984-44DC-AB3A-A3285B9D0704}.Debug|Any CPU.ActiveCfg = Debug|x86
		{2DDE3319-9984-44DC-AB3A-A3285B9D0704}.Debug|Mixed Platforms.ActiveCfg = Debug|x86
		{2DDE3319-9984-44DC-AB3A-A3285B9D0704}.Debug|Mixed Platforms.Build.0 = Debug|x86
		{2DDE3319-9984-44DC-AB3A-A3285B9D0704}.Debug|x86.ActiveCfg = Debug|x86
		{2DDE3319-9984-44DC-AB3A-A3285B9D0704}.Debug|x86.Build.0 = Debug|x86
		{2DDE3319-9984-44DC-AB3A-A3285B9D0704}.Release|Any CPU.ActiveCfg = Release|x86
		{2DDE3319-9984-44DC-AB3A-A3285B9D0704}.Release|Mixed Platforms.ActiveCfg = Release|x86
		{2DDE3319-9984-44DC-AB3A-A3285B9D0704}.Release|Mixed Platforms.Build.0 = Release|x86
		{2DDE3319-9984-44DC-AB3A-A3285B9D0704}.Release|x86.ActiveCfg = Release|x86
		{2DDE3319-9984-44DC-AB3A-A3285B9D0704}.Release|x86.Build.0 = Release|x86
	EndGlobalSection
	GlobalSection(SolutionProperties) = preSolution
		HideSolutionNode = FALSE
	EndGlobalSection
EndGlobal
